
Microsoft Visual Studio Solution File, Format Version 12.00
# Visual Studio Version 16
VisualStudioVersion = 16.0.31321.278
MinimumVisualStudioVersion = 10.0.40219.1
Project("{FAE04EC0-301F-11D3-BF4B-00C04F79EFBC}") = "DemoTask", "DemoTask\DemoTask.csproj", "{ED482B2C-F3BD-4A9A-8305-C61C661601B3}"
EndProject
Project("{FAE04EC0-301F-11D3-BF4B-00C04F79EFBC}") = "Exercise2", "Exercise2\Exercise2.csproj", "{C14B612D-F238-42A2-BBDE-FD69F98DEDAA}"
EndProject
Project("{FAE04EC0-301F-11D3-BF4B-00C04F79EFBC}") = "Exercise3", "Exercise3\Exercise3.csproj", "{BBD9D3F5-C063-4EE4-82A3-E2799FE88521}"
EndProject
Project("{FAE04EC0-301F-11D3-BF4B-00C04F79EFBC}") = "Exercise4", "Exercise4\Exercise4.csproj", "{A031260F-38F1-4408-A29D-317687AD6F53}"
EndProject
Project("{FAE04EC0-301F-11D3-BF4B-00C04F79EFBC}") = "Exercise5", "Exercise5\Exercise5.csproj", "{1850CD1B-B32F-4470-8BBF-BDD93E9A0B87}"
EndProject
Project("{FAE04EC0-301F-11D3-BF4B-00C04F79EFBC}") = "Exercise6", "Exercise6\Exercise6.csproj", "{641E92CC-8D29-49B8-83C7-757323DBC63C}"
EndProject
Project("{FAE04EC0-301F-11D3-BF4B-00C04F79EFBC}") = "Exercise7", "Exercise7\Exercise7.csproj", "{21FA9131-D1D3-4C32-94AB-36F6BEACF6DE}"
EndProject
Global
	GlobalSection(SolutionConfigurationPlatforms) = preSolution
		Debug|Any CPU = Debug|Any CPU
		Release|Any CPU = Release|Any CPU
	EndGlobalSection
	GlobalSection(ProjectConfigurationPlatforms) = postSolution
		{ED482B2C-F3BD-4A9A-8305-C61C661601B3}.Debug|Any CPU.ActiveCfg = Debug|Any CPU
		{ED482B2C-F3BD-4A9A-8305-C61C661601B3}.Debug|Any CPU.Build.0 = Debug|Any CPU
		{ED482B2C-F3BD-4A9A-8305-C61C661601B3}.Release|Any CPU.ActiveCfg = Release|Any CPU
		{ED482B2C-F3BD-4A9A-8305-C61C661601B3}.Release|Any CPU.Build.0 = Release|Any CPU
		{C14B612D-F238-42A2-BBDE-FD69F98DEDAA}.Debug|Any CPU.ActiveCfg = Debug|Any CPU
		{C14B612D-F238-42A2-BBDE-FD69F98DEDAA}.Debug|Any CPU.Build.0 = Debug|Any CPU
		{C14B612D-F238-42A2-BBDE-FD69F98DEDAA}.Release|Any CPU.ActiveCfg = Release|Any CPU
		{C14B612D-F238-42A2-BBDE-FD69F98DEDAA}.Release|Any CPU.Build.0 = Release|Any CPU
		{BBD9D3F5-C063-4EE4-82A3-E2799FE88521}.Debug|Any CPU.ActiveCfg = Debug|Any CPU
		{BBD9D3F5-C063-4EE4-82A3-E2799FE88521}.Debug|Any CPU.Build.0 = Debug|Any CPU
		{BBD9D3F5-C063-4EE4-82A3-E2799FE88521}.Release|Any CPU.ActiveCfg = Release|Any CPU
		{BBD9D3F5-C063-4EE4-82A3-E2799FE88521}.Release|Any CPU.Build.0 = Release|Any CPU
		{A031260F-38F1-4408-A29D-317687AD6F53}.Debug|Any CPU.ActiveCfg = Debug|Any CPU
		{A031260F-38F1-4408-A29D-317687AD6F53}.Debug|Any CPU.Build.0 = Debug|Any CPU
		{A031260F-38F1-4408-A29D-317687AD6F53}.Release|Any CPU.ActiveCfg = Release|Any CPU
		{A031260F-38F1-4408-A29D-317687AD6F53}.Release|Any CPU.Build.0 = Release|Any CPU
		{1850CD1B-B32F-4470-8BBF-BDD93E9A0B87}.Debug|Any CPU.ActiveCfg = Debug|Any CPU
		{1850CD1B-B32F-4470-8BBF-BDD93E9A0B87}.Debug|Any CPU.Build.0 = Debug|Any CPU
		{1850CD1B-B32F-4470-8BBF-BDD93E9A0B87}.Release|Any CPU.ActiveCfg = Release|Any CPU
		{1850CD1B-B32F-4470-8BBF-BDD93E9A0B87}.Release|Any CPU.Build.0 = Release|Any CPU
		{641E92CC-8D29-49B8-83C7-757323DBC63C}.Debug|Any CPU.ActiveCfg = Debug|Any CPU
		{641E92CC-8D29-49B8-83C7-757323DBC63C}.Debug|Any CPU.Build.0 = Debug|Any CPU
		{641E92CC-8D29-49B8-83C7-757323DBC63C}.Release|Any CPU.ActiveCfg = Release|Any CPU
		{641E92CC-8D29-49B8-83C7-757323DBC63C}.Release|Any CPU.Build.0 = Release|Any CPU
		{21FA9131-D1D3-4C32-94AB-36F6BEACF6DE}.Debug|Any CPU.ActiveCfg = Debug|Any CPU
		{21FA9131-D1D3-4C32-94AB-36F6BEACF6DE}.Debug|Any CPU.Build.0 = Debug|Any CPU
		{21FA9131-D1D3-4C32-94AB-36F6BEACF6DE}.Release|Any CPU.ActiveCfg = Release|Any CPU
		{21FA9131-D1D3-4C32-94AB-36F6BEACF6DE}.Release|Any CPU.Build.0 = Release|Any CPU
	EndGlobalSection
	GlobalSection(SolutionProperties) = preSolution
		HideSolutionNode = FALSE
	EndGlobalSection
	GlobalSection(ExtensibilityGlobals) = postSolution
		SolutionGuid = {F4B303FF-F740-43A8-8428-BC7C012E94D5}
	EndGlobalSection
EndGlobal
